{
  "name": "ummon-server",
  "version": "0.1.18",
  "dependencies": {
    "accepts": {
      "version": "1.3.7",
      "from": "accepts@>=1.3.4 <1.4.0",
      "resolved": "https://registry.npmjs.org/accepts/-/accepts-1.3.7.tgz"
    },
    "after": {
      "version": "0.8.2",
      "from": "after@0.8.2",
      "resolved": "https://registry.npmjs.org/after/-/after-0.8.2.tgz"
    },
    "ajv": {
      "version": "6.10.2",
      "from": "ajv@>=6.5.5 <7.0.0",
      "resolved": "https://registry.npmjs.org/ajv/-/ajv-6.10.2.tgz"
    },
    "arraybuffer.slice": {
      "version": "0.0.7",
      "from": "arraybuffer.slice@>=0.0.7 <0.1.0",
      "resolved": "https://registry.npmjs.org/arraybuffer.slice/-/arraybuffer.slice-0.0.7.tgz"
    },
    "asn1": {
      "version": "0.2.4",
      "from": "asn1@>=0.2.3 <0.3.0",
      "resolved": "https://registry.npmjs.org/asn1/-/asn1-0.2.4.tgz"
    },
    "assert-plus": {
      "version": "1.0.0",
      "from": "assert-plus@>=1.0.0 <2.0.0",
      "resolved": "https://registry.npmjs.org/assert-plus/-/assert-plus-1.0.0.tgz"
    },
    "async": {
      "version": "2.6.3",
      "from": "async@>=2.6.0 <3.0.0",
      "resolved": "https://registry.npmjs.org/async/-/async-2.6.3.tgz"
    },
    "async-limiter": {
      "version": "1.0.1",
      "from": "async-limiter@>=1.0.0 <2.0.0",
      "resolved": "https://registry.npmjs.org/async-limiter/-/async-limiter-1.0.1.tgz"
    },
    "asynckit": {
      "version": "0.4.0",
      "from": "asynckit@>=0.4.0 <0.5.0",
      "resolved": "https://registry.npmjs.org/asynckit/-/asynckit-0.4.0.tgz"
    },
    "aws-sign2": {
      "version": "0.7.0",
      "from": "aws-sign2@>=0.7.0 <0.8.0",
      "resolved": "https://registry.npmjs.org/aws-sign2/-/aws-sign2-0.7.0.tgz"
    },
    "aws4": {
      "version": "1.9.0",
      "from": "aws4@>=1.8.0 <2.0.0",
      "resolved": "https://registry.npmjs.org/aws4/-/aws4-1.9.0.tgz"
    },
    "backo2": {
      "version": "1.0.2",
      "from": "backo2@1.0.2",
      "resolved": "https://registry.npmjs.org/backo2/-/backo2-1.0.2.tgz"
    },
    "balanced-match": {
      "version": "1.0.0",
      "from": "balanced-match@>=1.0.0 <2.0.0",
      "resolved": "https://registry.npmjs.org/balanced-match/-/balanced-match-1.0.0.tgz"
    },
    "base64-arraybuffer": {
      "version": "0.1.5",
      "from": "base64-arraybuffer@0.1.5",
      "resolved": "https://registry.npmjs.org/base64-arraybuffer/-/base64-arraybuffer-0.1.5.tgz"
    },
    "base64id": {
      "version": "2.0.0",
      "from": "base64id@2.0.0",
      "resolved": "https://registry.npmjs.org/base64id/-/base64id-2.0.0.tgz"
    },
    "bcrypt-pbkdf": {
      "version": "1.0.2",
      "from": "bcrypt-pbkdf@>=1.0.0 <2.0.0",
      "resolved": "https://registry.npmjs.org/bcrypt-pbkdf/-/bcrypt-pbkdf-1.0.2.tgz"
    },
    "better-assert": {
      "version": "1.0.2",
      "from": "better-assert@>=1.0.0 <1.1.0",
      "resolved": "https://registry.npmjs.org/better-assert/-/better-assert-1.0.2.tgz"
    },
    "blob": {
      "version": "0.0.5",
      "from": "blob@0.0.5",
      "resolved": "https://registry.npmjs.org/blob/-/blob-0.0.5.tgz"
    },
    "brace-expansion": {
      "version": "1.1.11",
      "from": "brace-expansion@>=1.1.7 <2.0.0",
      "resolved": "https://registry.npmjs.org/brace-expansion/-/brace-expansion-1.1.11.tgz"
    },
    "bunyan": {
      "version": "1.8.12",
      "from": "bunyan@>=1.8.12 <2.0.0",
      "resolved": "https://registry.npmjs.org/bunyan/-/bunyan-1.8.12.tgz"
    },
    "callsite": {
      "version": "1.0.0",
      "from": "callsite@1.0.0",
      "resolved": "https://registry.npmjs.org/callsite/-/callsite-1.0.0.tgz"
    },
    "caseless": {
      "version": "0.12.0",
      "from": "caseless@>=0.12.0 <0.13.0",
      "resolved": "https://registry.npmjs.org/caseless/-/caseless-0.12.0.tgz"
    },
    "clone-regexp": {
      "version": "1.0.1",
      "from": "clone-regexp@>=1.0.0 <2.0.0",
      "resolved": "https://registry.npmjs.org/clone-regexp/-/clone-regexp-1.0.1.tgz"
    },
    "combined-stream": {
      "version": "1.0.8",
      "from": "combined-stream@>=1.0.6 <1.1.0",
      "resolved": "https://registry.npmjs.org/combined-stream/-/combined-stream-1.0.8.tgz"
    },
    "component-bind": {
      "version": "1.0.0",
      "from": "component-bind@1.0.0",
      "resolved": "https://registry.npmjs.org/component-bind/-/component-bind-1.0.0.tgz"
    },
    "component-emitter": {
      "version": "1.2.1",
      "from": "component-emitter@1.2.1",
      "resolved": "https://registry.npmjs.org/component-emitter/-/component-emitter-1.2.1.tgz"
    },
    "component-inherit": {
      "version": "0.0.3",
      "from": "component-inherit@0.0.3",
      "resolved": "https://registry.npmjs.org/component-inherit/-/component-inherit-0.0.3.tgz"
    },
    "concat-map": {
      "version": "0.0.1",
      "from": "concat-map@0.0.1",
      "resolved": "https://registry.npmjs.org/concat-map/-/concat-map-0.0.1.tgz"
    },
    "cookie": {
      "version": "0.3.1",
      "from": "cookie@0.3.1",
      "resolved": "https://registry.npmjs.org/cookie/-/cookie-0.3.1.tgz"
    },
    "core-util-is": {
      "version": "1.0.2",
      "from": "core-util-is@1.0.2",
      "resolved": "https://registry.npmjs.org/core-util-is/-/core-util-is-1.0.2.tgz"
    },
    "cron": {
      "version": "1.7.2",
      "from": "cron@>=1.3.0 <2.0.0",
      "resolved": "https://registry.npmjs.org/cron/-/cron-1.7.2.tgz"
    },
    "csv": {
      "version": "1.2.1",
      "from": "csv@>=1.1.1 <2.0.0",
      "resolved": "https://registry.npmjs.org/csv/-/csv-1.2.1.tgz"
    },
    "csv-generate": {
      "version": "1.1.2",
      "from": "csv-generate@>=1.1.2 <2.0.0",
      "resolved": "https://registry.npmjs.org/csv-generate/-/csv-generate-1.1.2.tgz"
    },
    "csv-parse": {
      "version": "1.3.3",
      "from": "csv-parse@>=1.3.3 <2.0.0",
      "resolved": "https://registry.npmjs.org/csv-parse/-/csv-parse-1.3.3.tgz"
    },
    "csv-stringify": {
      "version": "1.1.2",
      "from": "csv-stringify@>=1.1.2 <2.0.0",
      "resolved": "https://registry.npmjs.org/csv-stringify/-/csv-stringify-1.1.2.tgz"
    },
    "daemon": {
      "version": "1.1.0",
      "from": "daemon@>=1.1.0 <1.2.0",
      "resolved": "https://registry.npmjs.org/daemon/-/daemon-1.1.0.tgz"
    },
    "dashdash": {
      "version": "1.14.1",
      "from": "dashdash@>=1.12.0 <2.0.0",
      "resolved": "https://registry.npmjs.org/dashdash/-/dashdash-1.14.1.tgz"
    },
    "death": {
      "version": "1.1.0",
      "from": "death@>=1.1.0 <2.0.0",
      "resolved": "https://registry.npmjs.org/death/-/death-1.1.0.tgz"
    },
    "debug": {
      "version": "2.6.9",
      "from": "debug@>=2.6.8 <3.0.0",
      "resolved": "https://registry.npmjs.org/debug/-/debug-2.6.9.tgz"
    },
    "delayed-stream": {
      "version": "1.0.0",
      "from": "delayed-stream@>=1.0.0 <1.1.0",
      "resolved": "https://registry.npmjs.org/delayed-stream/-/delayed-stream-1.0.0.tgz"
    },
    "dependency-foo": {
      "version": "0.1.1",
      "from": "dependency-foo@>=0.1.1 <0.2.0",
      "resolved": "https://registry.npmjs.org/dependency-foo/-/dependency-foo-0.1.1.tgz"
    },
    "detect-node": {
      "version": "2.0.4",
      "from": "detect-node@>=2.0.3 <3.0.0",
      "resolved": "https://registry.npmjs.org/detect-node/-/detect-node-2.0.4.tgz"
    },
    "dtrace-provider": {
      "version": "0.8.8",
      "from": "dtrace-provider@>=0.8.0 <0.9.0",
      "resolved": "https://registry.npmjs.org/dtrace-provider/-/dtrace-provider-0.8.8.tgz",
      "optional": true
    },
    "duplexer": {
      "version": "0.1.1",
      "from": "duplexer@>=0.1.1 <0.2.0",
      "resolved": "https://registry.npmjs.org/duplexer/-/duplexer-0.1.1.tgz"
    },
    "ecc-jsbn": {
      "version": "0.1.2",
      "from": "ecc-jsbn@>=0.1.1 <0.2.0",
      "resolved": "https://registry.npmjs.org/ecc-jsbn/-/ecc-jsbn-0.1.2.tgz"
    },
    "engine.io": {
      "version": "3.4.0",
      "from": "engine.io@>=3.4.0 <3.5.0",
      "resolved": "https://registry.npmjs.org/engine.io/-/engine.io-3.4.0.tgz",
      "dependencies": {
        "debug": {
          "version": "4.1.1",
          "from": "debug@>=4.1.0 <4.2.0",
          "resolved": "https://registry.npmjs.org/debug/-/debug-4.1.1.tgz"
        },
        "ms": {
          "version": "2.1.2",
          "from": "ms@>=2.1.1 <3.0.0",
          "resolved": "https://registry.npmjs.org/ms/-/ms-2.1.2.tgz"
        }
      }
    },
    "engine.io-client": {
      "version": "3.4.0",
      "from": "engine.io-client@>=3.4.0 <3.5.0",
      "resolved": "https://registry.npmjs.org/engine.io-client/-/engine.io-client-3.4.0.tgz",
      "dependencies": {
        "debug": {
          "version": "4.1.1",
          "from": "debug@>=4.1.0 <4.2.0",
          "resolved": "https://registry.npmjs.org/debug/-/debug-4.1.1.tgz"
        },
        "ms": {
          "version": "2.1.2",
          "from": "ms@>=2.1.1 <3.0.0",
          "resolved": "https://registry.npmjs.org/ms/-/ms-2.1.2.tgz"
        },
        "ws": {
          "version": "6.1.4",
          "from": "ws@>=6.1.0 <6.2.0",
          "resolved": "https://registry.npmjs.org/ws/-/ws-6.1.4.tgz"
        }
      }
    },
    "engine.io-parser": {
      "version": "2.2.0",
      "from": "engine.io-parser@>=2.2.0 <2.3.0",
      "resolved": "https://registry.npmjs.org/engine.io-parser/-/engine.io-parser-2.2.0.tgz"
    },
    "escape-regexp-component": {
      "version": "1.0.2",
      "from": "escape-regexp-component@>=1.0.2 <2.0.0",
      "resolved": "https://registry.npmjs.org/escape-regexp-component/-/escape-regexp-component-1.0.2.tgz"
    },
    "event-stream": {
      "version": "3.3.5",
      "from": "event-stream@>=3.3.4 <4.0.0",
      "resolved": "https://registry.npmjs.org/event-stream/-/event-stream-3.3.5.tgz"
    },
    "eventemitter2": {
      "version": "5.0.1",
      "from": "eventemitter2@>=5.0.1 <6.0.0",
      "resolved": "https://registry.npmjs.org/eventemitter2/-/eventemitter2-5.0.1.tgz"
    },
    "ewma": {
      "version": "2.0.1",
      "from": "ewma@>=2.0.1 <3.0.0",
      "resolved": "https://registry.npmjs.org/ewma/-/ewma-2.0.1.tgz"
    },
    "extend": {
      "version": "3.0.2",
      "from": "extend@>=3.0.2 <3.1.0",
      "resolved": "https://registry.npmjs.org/extend/-/extend-3.0.2.tgz"
    },
    "extsprintf": {
      "version": "1.3.0",
      "from": "extsprintf@1.3.0",
      "resolved": "https://registry.npmjs.org/extsprintf/-/extsprintf-1.3.0.tgz"
    },
    "fast-deep-equal": {
      "version": "2.0.1",
      "from": "fast-deep-equal@>=2.0.1 <3.0.0",
      "resolved": "https://registry.npmjs.org/fast-deep-equal/-/fast-deep-equal-2.0.1.tgz"
    },
    "fast-json-stable-stringify": {
      "version": "2.0.0",
      "from": "fast-json-stable-stringify@>=2.0.0 <3.0.0",
      "resolved": "https://registry.npmjs.org/fast-json-stable-stringify/-/fast-json-stable-stringify-2.0.0.tgz"
    },
    "forever-agent": {
      "version": "0.6.1",
      "from": "forever-agent@>=0.6.1 <0.7.0",
      "resolved": "https://registry.npmjs.org/forever-agent/-/forever-agent-0.6.1.tgz"
    },
    "form-data": {
      "version": "2.3.3",
      "from": "form-data@>=2.3.2 <2.4.0",
      "resolved": "https://registry.npmjs.org/form-data/-/form-data-2.3.3.tgz"
    },
    "formidable": {
      "version": "1.2.1",
      "from": "formidable@>=1.1.1 <2.0.0",
      "resolved": "https://registry.npmjs.org/formidable/-/formidable-1.2.1.tgz"
    },
    "from": {
      "version": "0.1.7",
      "from": "from@>=0.1.7 <0.2.0",
      "resolved": "https://registry.npmjs.org/from/-/from-0.1.7.tgz"
    },
    "fs.realpath": {
      "version": "1.0.0",
      "from": "fs.realpath@>=1.0.0 <2.0.0",
      "resolved": "https://registry.npmjs.org/fs.realpath/-/fs.realpath-1.0.0.tgz"
    },
    "getpass": {
      "version": "0.1.7",
      "from": "getpass@>=0.1.1 <0.2.0",
      "resolved": "https://registry.npmjs.org/getpass/-/getpass-0.1.7.tgz"
    },
    "glob": {
      "version": "7.1.6",
      "from": "glob@>=7.1.2 <8.0.0",
      "resolved": "https://registry.npmjs.org/glob/-/glob-7.1.6.tgz"
    },
    "handle-thing": {
      "version": "1.2.5",
      "from": "handle-thing@>=1.2.5 <2.0.0",
      "resolved": "https://registry.npmjs.org/handle-thing/-/handle-thing-1.2.5.tgz"
    },
    "har-schema": {
      "version": "2.0.0",
      "from": "har-schema@>=2.0.0 <3.0.0",
      "resolved": "https://registry.npmjs.org/har-schema/-/har-schema-2.0.0.tgz"
    },
    "har-validator": {
      "version": "5.1.3",
      "from": "har-validator@>=5.1.0 <5.2.0",
      "resolved": "https://registry.npmjs.org/har-validator/-/har-validator-5.1.3.tgz"
    },
    "has-binary2": {
      "version": "1.0.3",
      "from": "has-binary2@>=1.0.2 <1.1.0",
      "resolved": "https://registry.npmjs.org/has-binary2/-/has-binary2-1.0.3.tgz",
      "dependencies": {
        "isarray": {
          "version": "2.0.1",
          "from": "isarray@2.0.1",
          "resolved": "https://registry.npmjs.org/isarray/-/isarray-2.0.1.tgz"
        }
      }
    },
    "has-cors": {
      "version": "1.1.0",
      "from": "has-cors@1.1.0",
      "resolved": "https://registry.npmjs.org/has-cors/-/has-cors-1.1.0.tgz"
    },
    "hpack.js": {
      "version": "2.1.6",
      "from": "hpack.js@>=2.1.6 <3.0.0",
      "resolved": "https://registry.npmjs.org/hpack.js/-/hpack.js-2.1.6.tgz"
    },
    "http-deceiver": {
      "version": "1.2.7",
      "from": "http-deceiver@>=1.2.7 <2.0.0",
      "resolved": "https://registry.npmjs.org/http-deceiver/-/http-deceiver-1.2.7.tgz"
    },
    "http-signature": {
      "version": "1.2.0",
      "from": "http-signature@>=1.2.0 <1.3.0",
      "resolved": "https://registry.npmjs.org/http-signature/-/http-signature-1.2.0.tgz"
    },
    "indexof": {
      "version": "0.0.1",
      "from": "indexof@0.0.1",
      "resolved": "https://registry.npmjs.org/indexof/-/indexof-0.0.1.tgz"
    },
    "inflight": {
      "version": "1.0.6",
      "from": "inflight@>=1.0.4 <2.0.0",
      "resolved": "https://registry.npmjs.org/inflight/-/inflight-1.0.6.tgz"
    },
    "inherits": {
      "version": "2.0.4",
      "from": "inherits@>=2.0.0 <3.0.0",
      "resolved": "https://registry.npmjs.org/inherits/-/inherits-2.0.4.tgz"
    },
    "is-regexp": {
      "version": "1.0.0",
      "from": "is-regexp@>=1.0.0 <2.0.0",
      "resolved": "https://registry.npmjs.org/is-regexp/-/is-regexp-1.0.0.tgz"
    },
    "is-supported-regexp-flag": {
      "version": "1.0.1",
      "from": "is-supported-regexp-flag@>=1.0.0 <2.0.0",
      "resolved": "https://registry.npmjs.org/is-supported-regexp-flag/-/is-supported-regexp-flag-1.0.1.tgz"
    },
    "is-typedarray": {
      "version": "1.0.0",
      "from": "is-typedarray@>=1.0.0 <1.1.0",
      "resolved": "https://registry.npmjs.org/is-typedarray/-/is-typedarray-1.0.0.tgz"
    },
    "isarray": {
      "version": "1.0.0",
      "from": "isarray@>=1.0.0 <1.1.0",
      "resolved": "https://registry.npmjs.org/isarray/-/isarray-1.0.0.tgz"
    },
    "isstream": {
      "version": "0.1.2",
      "from": "isstream@>=0.1.2 <0.2.0",
      "resolved": "https://registry.npmjs.org/isstream/-/isstream-0.1.2.tgz"
    },
    "jsbn": {
      "version": "0.1.1",
      "from": "jsbn@>=0.1.0 <0.2.0",
      "resolved": "https://registry.npmjs.org/jsbn/-/jsbn-0.1.1.tgz"
    },
    "json-schema": {
      "version": "0.2.3",
      "from": "json-schema@0.2.3",
      "resolved": "https://registry.npmjs.org/json-schema/-/json-schema-0.2.3.tgz"
    },
    "json-schema-traverse": {
      "version": "0.4.1",
      "from": "json-schema-traverse@>=0.4.1 <0.5.0",
      "resolved": "https://registry.npmjs.org/json-schema-traverse/-/json-schema-traverse-0.4.1.tgz"
    },
    "json-stringify-safe": {
      "version": "5.0.1",
      "from": "json-stringify-safe@>=5.0.1 <5.1.0",
      "resolved": "https://registry.npmjs.org/json-stringify-safe/-/json-stringify-safe-5.0.1.tgz"
    },
    "jsprim": {
      "version": "1.4.1",
      "from": "jsprim@>=1.2.2 <2.0.0",
      "resolved": "https://registry.npmjs.org/jsprim/-/jsprim-1.4.1.tgz"
    },
    "lodash": {
      "version": "4.17.15",
      "from": "lodash@>=4.17.14 <5.0.0",
      "resolved": "https://registry.npmjs.org/lodash/-/lodash-4.17.15.tgz"
    },
    "lodash.get": {
      "version": "4.4.2",
      "from": "lodash.get@>=4.4.2 <4.5.0",
      "resolved": "https://registry.npmjs.org/lodash.get/-/lodash.get-4.4.2.tgz"
    },
    "lru-cache": {
      "version": "4.1.5",
      "from": "lru-cache@>=4.1.1 <5.0.0",
      "resolved": "https://registry.npmjs.org/lru-cache/-/lru-cache-4.1.5.tgz"
    },
    "map-stream": {
      "version": "0.0.7",
      "from": "map-stream@0.0.7",
      "resolved": "https://registry.npmjs.org/map-stream/-/map-stream-0.0.7.tgz"
    },
    "mime": {
      "version": "1.6.0",
      "from": "mime@>=1.5.0 <2.0.0",
      "resolved": "https://registry.npmjs.org/mime/-/mime-1.6.0.tgz"
    },
    "mime-db": {
      "version": "1.42.0",
      "from": "mime-db@1.42.0",
      "resolved": "https://registry.npmjs.org/mime-db/-/mime-db-1.42.0.tgz"
    },
    "mime-types": {
      "version": "2.1.25",
      "from": "mime-types@>=2.1.19 <2.2.0",
      "resolved": "https://registry.npmjs.org/mime-types/-/mime-types-2.1.25.tgz"
    },
    "minimalistic-assert": {
      "version": "1.0.1",
      "from": "minimalistic-assert@>=1.0.0 <2.0.0",
      "resolved": "https://registry.npmjs.org/minimalistic-assert/-/minimalistic-assert-1.0.1.tgz"
    },
    "minimatch": {
      "version": "3.0.4",
      "from": "minimatch@>=2.0.0 <3.0.0||>=3.0.0 <4.0.0",
      "resolved": "https://registry.npmjs.org/minimatch/-/minimatch-3.0.4.tgz"
    },
    "minimist": {
      "version": "0.0.8",
      "from": "minimist@0.0.8",
      "resolved": "https://registry.npmjs.org/minimist/-/minimist-0.0.8.tgz"
    },
    "mkdirp": {
      "version": "0.5.1",
      "from": "mkdirp@>=0.5.1 <0.6.0",
      "resolved": "https://registry.npmjs.org/mkdirp/-/mkdirp-0.5.1.tgz"
    },
    "moment": {
      "version": "2.24.0",
      "from": "moment@>=2.21.0 <3.0.0",
      "resolved": "https://registry.npmjs.org/moment/-/moment-2.24.0.tgz"
    },
    "moment-timezone": {
      "version": "0.5.27",
      "from": "moment-timezone@>=0.5.0 <0.6.0",
      "resolved": "https://registry.npmjs.org/moment-timezone/-/moment-timezone-0.5.27.tgz"
    },
    "ms": {
      "version": "2.0.0",
      "from": "ms@2.0.0",
      "resolved": "https://registry.npmjs.org/ms/-/ms-2.0.0.tgz"
    },
    "mv": {
      "version": "2.1.1",
      "from": "mv@>=2.0.0 <3.0.0",
      "resolved": "https://registry.npmjs.org/mv/-/mv-2.1.1.tgz",
      "optional": true
    },
    "nan": {
      "version": "2.14.0",
      "from": "nan@>=2.14.0 <3.0.0",
      "resolved": "https://registry.npmjs.org/nan/-/nan-2.14.0.tgz",
      "optional": true
    },
    "ncp": {
      "version": "2.0.0",
      "from": "ncp@>=2.0.0 <2.1.0",
      "resolved": "https://registry.npmjs.org/ncp/-/ncp-2.0.0.tgz",
      "optional": true
    },
    "negotiator": {
      "version": "0.6.2",
      "from": "negotiator@>=0.6.1 <0.7.0",
      "resolved": "https://registry.npmjs.org/negotiator/-/negotiator-0.6.2.tgz"
    },
    "npid": {
      "version": "0.4.0",
      "from": "npid@>=0.4.0 <0.5.0",
      "resolved": "https://registry.npmjs.org/npid/-/npid-0.4.0.tgz"
    },
    "oauth-sign": {
      "version": "0.9.0",
      "from": "oauth-sign@>=0.9.0 <0.10.0",
      "resolved": "https://registry.npmjs.org/oauth-sign/-/oauth-sign-0.9.0.tgz"
    },
    "object-component": {
      "version": "0.0.3",
      "from": "object-component@0.0.3",
      "resolved": "https://registry.npmjs.org/object-component/-/object-component-0.0.3.tgz"
    },
    "obuf": {
      "version": "1.1.2",
      "from": "obuf@>=1.1.1 <2.0.0",
      "resolved": "https://registry.npmjs.org/obuf/-/obuf-1.1.2.tgz"
    },
    "once": {
      "version": "1.4.0",
      "from": "once@>=1.3.0 <2.0.0",
      "resolved": "https://registry.npmjs.org/once/-/once-1.4.0.tgz"
    },
    "optimist": {
      "version": "0.6.1",
      "from": "optimist@>=0.6.0 <0.7.0",
      "resolved": "https://registry.npmjs.org/optimist/-/optimist-0.6.1.tgz"
    },
    "parseqs": {
      "version": "0.0.5",
      "from": "parseqs@0.0.5",
      "resolved": "https://registry.npmjs.org/parseqs/-/parseqs-0.0.5.tgz"
    },
    "parseuri": {
      "version": "0.0.5",
      "from": "parseuri@0.0.5",
      "resolved": "https://registry.npmjs.org/parseuri/-/parseuri-0.0.5.tgz"
    },
    "path-is-absolute": {
      "version": "1.0.1",
      "from": "path-is-absolute@>=1.0.0 <2.0.0",
      "resolved": "https://registry.npmjs.org/path-is-absolute/-/path-is-absolute-1.0.1.tgz"
    },
    "pause-stream": {
      "version": "0.0.11",
      "from": "pause-stream@>=0.0.11 <0.0.12",
      "resolved": "https://registry.npmjs.org/pause-stream/-/pause-stream-0.0.11.tgz"
    },
    "performance-now": {
      "version": "2.1.0",
      "from": "performance-now@>=2.1.0 <3.0.0",
      "resolved": "https://registry.npmjs.org/performance-now/-/performance-now-2.1.0.tgz"
    },
    "pidusage": {
      "version": "1.2.0",
      "from": "pidusage@>=1.2.0 <2.0.0",
      "resolved": "https://registry.npmjs.org/pidusage/-/pidusage-1.2.0.tgz"
    },
    "process-nextick-args": {
      "version": "2.0.1",
      "from": "process-nextick-args@>=2.0.0 <2.1.0",
      "resolved": "https://registry.npmjs.org/process-nextick-args/-/process-nextick-args-2.0.1.tgz"
    },
    "pseudomap": {
      "version": "1.0.2",
      "from": "pseudomap@>=1.0.2 <2.0.0",
      "resolved": "https://registry.npmjs.org/pseudomap/-/pseudomap-1.0.2.tgz"
    },
    "psl": {
      "version": "1.5.0",
      "from": "psl@>=1.1.24 <2.0.0",
      "resolved": "https://registry.npmjs.org/psl/-/psl-1.5.0.tgz"
    },
    "punycode": {
      "version": "2.1.1",
      "from": "punycode@>=2.1.0 <3.0.0",
      "resolved": "https://registry.npmjs.org/punycode/-/punycode-2.1.1.tgz"
    },
    "qs": {
      "version": "6.5.2",
      "from": "qs@>=6.5.2 <6.6.0",
      "resolved": "https://registry.npmjs.org/qs/-/qs-6.5.2.tgz"
    },
    "readable-stream": {
      "version": "2.3.6",
      "from": "readable-stream@>=2.2.9 <3.0.0",
      "resolved": "https://registry.npmjs.org/readable-stream/-/readable-stream-2.3.6.tgz",
      "dependencies": {
        "safe-buffer": {
          "version": "5.1.2",
          "from": "safe-buffer@>=5.1.1 <5.2.0",
          "resolved": "https://registry.npmjs.org/safe-buffer/-/safe-buffer-5.1.2.tgz"
        }
      }
    },
    "request": {
      "version": "2.88.0",
      "from": "request@*",
      "resolved": "https://registry.npmjs.org/request/-/request-2.88.0.tgz"
    },
    "restify": {
      "version": "6.4.0",
      "from": "restify@>=6.3.4 <7.0.0",
      "resolved": "https://registry.npmjs.org/restify/-/restify-6.4.0.tgz",
      "dependencies": {
        "restify-errors": {
          "version": "5.0.0",
          "from": "restify-errors@>=5.0.0 <6.0.0",
          "resolved": "https://registry.npmjs.org/restify-errors/-/restify-errors-5.0.0.tgz"
        }
      }
    },
    "restify-errors": {
      "version": "6.1.1",
      "from": "restify-errors@>=6.0.0 <7.0.0",
      "resolved": "https://registry.npmjs.org/restify-errors/-/restify-errors-6.1.1.tgz"
    },
    "safe-buffer": {
      "version": "5.2.0",
      "from": "safe-buffer@>=5.1.2 <6.0.0",
      "resolved": "https://registry.npmjs.org/safe-buffer/-/safe-buffer-5.2.0.tgz"
    },
    "safe-json-stringify": {
      "version": "1.2.0",
      "from": "safe-json-stringify@>=1.0.0 <2.0.0",
      "resolved": "https://registry.npmjs.org/safe-json-stringify/-/safe-json-stringify-1.2.0.tgz",
      "optional": true
    },
    "safer-buffer": {
      "version": "2.1.2",
      "from": "safer-buffer@>=2.0.2 <3.0.0",
      "resolved": "https://registry.npmjs.org/safer-buffer/-/safer-buffer-2.1.2.tgz"
    },
    "select-hose": {
      "version": "2.0.0",
      "from": "select-hose@>=2.0.0 <3.0.0",
      "resolved": "https://registry.npmjs.org/select-hose/-/select-hose-2.0.0.tgz"
    },
    "semver": {
      "version": "5.7.1",
      "from": "semver@>=5.4.1 <6.0.0",
      "resolved": "https://registry.npmjs.org/semver/-/semver-5.7.1.tgz"
    },
    "socket.io": {
      "version": "2.3.0",
      "from": "socket.io@>=2.0.4 <3.0.0",
      "resolved": "https://registry.npmjs.org/socket.io/-/socket.io-2.3.0.tgz",
      "dependencies": {
        "debug": {
          "version": "4.1.1",
          "from": "debug@>=4.1.0 <4.2.0",
          "resolved": "https://registry.npmjs.org/debug/-/debug-4.1.1.tgz"
        },
        "ms": {
          "version": "2.1.2",
          "from": "ms@>=2.1.1 <3.0.0",
          "resolved": "https://registry.npmjs.org/ms/-/ms-2.1.2.tgz"
        }
      }
    },
    "socket.io-adapter": {
      "version": "1.1.2",
      "from": "socket.io-adapter@>=1.1.0 <1.2.0",
      "resolved": "https://registry.npmjs.org/socket.io-adapter/-/socket.io-adapter-1.1.2.tgz"
    },
    "socket.io-client": {
      "version": "2.3.0",
      "from": "socket.io-client@2.3.0",
      "resolved": "https://registry.npmjs.org/socket.io-client/-/socket.io-client-2.3.0.tgz",
      "dependencies": {
        "debug": {
          "version": "4.1.1",
          "from": "debug@>=4.1.0 <4.2.0",
          "resolved": "https://registry.npmjs.org/debug/-/debug-4.1.1.tgz"
        },
        "isarray": {
          "version": "2.0.1",
          "from": "isarray@2.0.1",
          "resolved": "https://registry.npmjs.org/isarray/-/isarray-2.0.1.tgz"
        },
        "ms": {
          "version": "2.1.2",
          "from": "ms@>=2.1.1 <3.0.0",
          "resolved": "https://registry.npmjs.org/ms/-/ms-2.1.2.tgz"
        },
        "socket.io-parser": {
          "version": "3.3.0",
          "from": "socket.io-parser@>=3.3.0 <3.4.0",
          "resolved": "https://registry.npmjs.org/socket.io-parser/-/socket.io-parser-3.3.0.tgz",
          "dependencies": {
            "debug": {
              "version": "3.1.0",
              "from": "debug@>=3.1.0 <3.2.0",
              "resolved": "https://registry.npmjs.org/debug/-/debug-3.1.0.tgz"
            },
            "ms": {
              "version": "2.0.0",
              "from": "ms@2.0.0",
              "resolved": "https://registry.npmjs.org/ms/-/ms-2.0.0.tgz"
            }
          }
        }
      }
    },
    "socket.io-parser": {
      "version": "3.4.0",
      "from": "socket.io-parser@>=3.4.0 <3.5.0",
      "resolved": "https://registry.npmjs.org/socket.io-parser/-/socket.io-parser-3.4.0.tgz",
      "dependencies": {
        "debug": {
          "version": "4.1.1",
          "from": "debug@>=4.1.0 <4.2.0",
          "resolved": "https://registry.npmjs.org/debug/-/debug-4.1.1.tgz"
        },
        "isarray": {
          "version": "2.0.1",
          "from": "isarray@2.0.1",
          "resolved": "https://registry.npmjs.org/isarray/-/isarray-2.0.1.tgz"
        },
        "ms": {
          "version": "2.1.2",
          "from": "ms@>=2.1.1 <3.0.0",
          "resolved": "https://registry.npmjs.org/ms/-/ms-2.1.2.tgz"
        }
      }
    },
    "spdy": {
      "version": "3.4.7",
      "from": "spdy@>=3.4.7 <4.0.0",
      "resolved": "https://registry.npmjs.org/spdy/-/spdy-3.4.7.tgz"
    },
    "spdy-transport": {
      "version": "2.1.1",
      "from": "spdy-transport@>=2.0.18 <3.0.0",
      "resolved": "https://registry.npmjs.org/spdy-transport/-/spdy-transport-2.1.1.tgz"
    },
    "split": {
      "version": "1.0.1",
      "from": "split@>=1.0.1 <2.0.0",
      "resolved": "https://registry.npmjs.org/split/-/split-1.0.1.tgz"
    },
    "sshpk": {
      "version": "1.16.1",
      "from": "sshpk@>=1.7.0 <2.0.0",
      "resolved": "https://registry.npmjs.org/sshpk/-/sshpk-1.16.1.tgz"
    },
    "stream-combiner": {
      "version": "0.2.2",
      "from": "stream-combiner@>=0.2.2 <0.3.0",
      "resolved": "https://registry.npmjs.org/stream-combiner/-/stream-combiner-0.2.2.tgz"
    },
    "stream-transform": {
      "version": "0.2.2",
      "from": "stream-transform@>=0.2.2 <0.3.0",
      "resolved": "https://registry.npmjs.org/stream-transform/-/stream-transform-0.2.2.tgz"
    },
    "string_decoder": {
      "version": "1.1.1",
      "from": "string_decoder@>=1.1.1 <1.2.0",
      "resolved": "https://registry.npmjs.org/string_decoder/-/string_decoder-1.1.1.tgz",
      "dependencies": {
        "safe-buffer": {
          "version": "5.1.2",
          "from": "safe-buffer@>=5.1.0 <5.2.0",
          "resolved": "https://registry.npmjs.org/safe-buffer/-/safe-buffer-5.1.2.tgz"
        }
      }
    },
    "through": {
      "version": "2.3.8",
      "from": "through@>=2.3.8 <3.0.0",
      "resolved": "https://registry.npmjs.org/through/-/through-2.3.8.tgz"
    },
    "to-array": {
      "version": "0.1.4",
      "from": "to-array@0.1.4",
      "resolved": "https://registry.npmjs.org/to-array/-/to-array-0.1.4.tgz"
    },
    "tough-cookie": {
      "version": "2.4.3",
      "from": "tough-cookie@>=2.4.3 <2.5.0",
      "resolved": "https://registry.npmjs.org/tough-cookie/-/tough-cookie-2.4.3.tgz",
      "dependencies": {
        "punycode": {
          "version": "1.4.1",
          "from": "punycode@>=1.4.1 <2.0.0",
          "resolved": "https://registry.npmjs.org/punycode/-/punycode-1.4.1.tgz"
        }
      }
    },
    "tunnel-agent": {
      "version": "0.6.0",
      "from": "tunnel-agent@>=0.6.0 <0.7.0",
      "resolved": "https://registry.npmjs.org/tunnel-agent/-/tunnel-agent-0.6.0.tgz"
    },
    "tweetnacl": {
      "version": "0.14.5",
      "from": "tweetnacl@>=0.14.0 <0.15.0",
      "resolved": "https://registry.npmjs.org/tweetnacl/-/tweetnacl-0.14.5.tgz"
    },
    "underscore": {
      "version": "1.9.1",
      "from": "underscore@>=1.8.3 <2.0.0",
      "resolved": "https://registry.npmjs.org/underscore/-/underscore-1.9.1.tgz"
    },
    "uri-js": {
      "version": "4.2.2",
      "from": "uri-js@>=4.2.2 <5.0.0",
      "resolved": "https://registry.npmjs.org/uri-js/-/uri-js-4.2.2.tgz"
    },
    "util-deprecate": {
      "version": "1.0.2",
      "from": "util-deprecate@>=1.0.1 <1.1.0",
      "resolved": "https://registry.npmjs.org/util-deprecate/-/util-deprecate-1.0.2.tgz"
    },
    "uuid": {
      "version": "3.3.3",
      "from": "uuid@>=3.2.1 <4.0.0",
      "resolved": "https://registry.npmjs.org/uuid/-/uuid-3.3.3.tgz"
    },
    "vasync": {
      "version": "1.6.4",
      "from": "vasync@>=1.6.4 <2.0.0",
      "resolved": "https://registry.npmjs.org/vasync/-/vasync-1.6.4.tgz",
      "dependencies": {
        "extsprintf": {
          "version": "1.2.0",
          "from": "extsprintf@1.2.0",
          "resolved": "https://registry.npmjs.org/extsprintf/-/extsprintf-1.2.0.tgz"
        },
        "verror": {
          "version": "1.6.0",
          "from": "verror@1.6.0",
          "resolved": "https://registry.npmjs.org/verror/-/verror-1.6.0.tgz"
        }
      }
    },
    "verror": {
      "version": "1.10.0",
      "from": "verror@1.10.0",
      "resolved": "https://registry.npmjs.org/verror/-/verror-1.10.0.tgz"
    },
    "wbuf": {
      "version": "1.7.3",
      "from": "wbuf@>=1.7.2 <2.0.0",
      "resolved": "https://registry.npmjs.org/wbuf/-/wbuf-1.7.3.tgz"
    },
    "wordwrap": {
      "version": "0.0.3",
      "from": "wordwrap@>=0.0.2 <0.1.0",
      "resolved": "https://registry.npmjs.org/wordwrap/-/wordwrap-0.0.3.tgz"
    },
    "wrappy": {
      "version": "1.0.2",
      "from": "wrappy@>=1.0.0 <2.0.0",
      "resolved": "https://registry.npmjs.org/wrappy/-/wrappy-1.0.2.tgz"
    },
    "ws": {
      "version": "7.2.0",
      "from": "ws@>=7.1.2 <8.0.0",
      "resolved": "https://registry.npmjs.org/ws/-/ws-7.2.0.tgz"
    },
    "xmlhttprequest-ssl": {
      "version": "1.5.5",
      "from": "xmlhttprequest-ssl@>=1.5.4 <1.6.0",
      "resolved": "https://registry.npmjs.org/xmlhttprequest-ssl/-/xmlhttprequest-ssl-1.5.5.tgz"
    },
    "yallist": {
      "version": "2.1.2",
      "from": "yallist@>=2.1.2 <3.0.0",
      "resolved": "https://registry.npmjs.org/yallist/-/yallist-2.1.2.tgz"
    },
    "yeast": {
      "version": "0.1.2",
      "from": "yeast@0.1.2",
      "resolved": "https://registry.npmjs.org/yeast/-/yeast-0.1.2.tgz"
    }
  }
}
